
Microsoft Visual Studio Solution File, Format Version 12.00
# Visual Studio Version 17
VisualStudioVersion = 17.3.32804.467
MinimumVisualStudioVersion = 10.0.40219.1
Project("{FAE04EC0-301F-11D3-BF4B-00C04F79EFBC}") = "FriendLogger", "FriendLogger\FriendLogger.csproj", "{61C91879-B960-4B8B-BBE1-EF4313D511F9}"
EndProject
Global
	GlobalSection(SolutionConfigurationPlatforms) = preSolution
		Debug|Any CPU = Debug|Any CPU
		Release|Any CPU = Release|Any CPU
	EndGlobalSection
	GlobalSection(ProjectConfigurationPlatforms) = postSolution
		{61C91879-B960-4B8B-BBE1-EF4313D511F9}.Debug|Any CPU.ActiveCfg = Debug|Any CPU
		{61C91879-B960-4B8B-BBE1-EF4313D511F9}.Debug|Any CPU.Build.0 = Debug|Any CPU
		{61C91879-B960-4B8B-BBE1-EF4313D511F9}.Release|Any CPU.ActiveCfg = Release|Any CPU
		{61C91879-B960-4B8B-BBE1-EF4313D511F9}.Release|Any CPU.Build.0 = Release|Any CPU
	EndGlobalSection
	GlobalSection(SolutionProperties) = preSolution
		HideSolutionNode = FALSE
	EndGlobalSection
	GlobalSection(ExtensibilityGlobals) = postSolution
		SolutionGuid = {CC24D41D-EB7A-4BA1-A0A4-2EF377A306E1}
	EndGlobalSection
EndGlobal
